
Microsoft Visual Studio Solution File, Format Version 12.00
# Visual Studio 2012
Project("{FAE04EC0-301F-11D3-BF4B-00C04F79EFBC}") = "AnimalSanctuary", "AnimalSanctuary\AnimalSanctuary.csproj", "{75906DC8-8104-4E63-B933-0333F1F856AE}"
EndProject
Project("{FAE04EC0-301F-11D3-BF4B-00C04F79EFBC}") = "AnimalSanctuary.Tests", "AnimalSanctuary.Tests\AnimalSanctuary.Tests.csproj", "{DC7C6901-0FF0-4163-A9EF-339D40558184}"
EndProject
Global
	GlobalSection(SolutionConfigurationPlatforms) = preSolution
		Debug|Any CPU = Debug|Any CPU
		Release|Any CPU = Release|Any CPU
	EndGlobalSection
	GlobalSection(ProjectConfigurationPlatforms) = postSolution
		{75906DC8-8104-4E63-B933-0333F1F856AE}.Debug|Any CPU.ActiveCfg = Debug|Any CPU
		{75906DC8-8104-4E63-B933-0333F1F856AE}.Debug|Any CPU.Build.0 = Debug|Any CPU
		{75906DC8-8104-4E63-B933-0333F1F856AE}.Release|Any CPU.ActiveCfg = Release|Any CPU
		{75906DC8-8104-4E63-B933-0333F1F856AE}.Release|Any CPU.Build.0 = Release|Any CPU
		{DC7C6901-0FF0-4163-A9EF-339D40558184}.Debug|Any CPU.ActiveCfg = Debug|Any CPU
		{DC7C6901-0FF0-4163-A9EF-339D40558184}.Debug|Any CPU.Build.0 = Debug|Any CPU
		{DC7C6901-0FF0-4163-A9EF-339D40558184}.Release|Any CPU.ActiveCfg = Release|Any CPU
		{DC7C6901-0FF0-4163-A9EF-339D40558184}.Release|Any CPU.Build.0 = Release|Any CPU
	EndGlobalSection
EndGlobal
